
Microsoft Visual Studio Solution File, Format Version 12.00
# Visual Studio Version 17
VisualStudioVersion = 17.5.33424.131
MinimumVisualStudioVersion = 10.0.40219.1
Project("{FAE04EC0-301F-11D3-BF4B-00C04F79EFBC}") = "Artikel_Hersteller", "Artikel_Hersteller\Artikel_Hersteller.csproj", "{D39CD1E0-1FD8-438F-8893-6D3B05A8A266}"
EndProject
Global
	GlobalSection(SolutionConfigurationPlatforms) = preSolution
		Debug|Any CPU = Debug|Any CPU
		Release|Any CPU = Release|Any CPU
	EndGlobalSection
	GlobalSection(ProjectConfigurationPlatforms) = postSolution
		{D39CD1E0-1FD8-438F-8893-6D3B05A8A266}.Debug|Any CPU.ActiveCfg = Debug|Any CPU
		{D39CD1E0-1FD8-438F-8893-6D3B05A8A266}.Debug|Any CPU.Build.0 = Debug|Any CPU
		{D39CD1E0-1FD8-438F-8893-6D3B05A8A266}.Release|Any CPU.ActiveCfg = Release|Any CPU
		{D39CD1E0-1FD8-438F-8893-6D3B05A8A266}.Release|Any CPU.Build.0 = Release|Any CPU
	EndGlobalSection
	GlobalSection(SolutionProperties) = preSolution
		HideSolutionNode = FALSE
	EndGlobalSection
	GlobalSection(ExtensibilityGlobals) = postSolution
		SolutionGuid = {CEC4A51B-94B9-4D44-8DC3-9ABB600F37C8}
	EndGlobalSection
EndGlobal
